
Microsoft Visual Studio Solution File, Format Version 12.00
# Visual Studio Version 16
VisualStudioVersion = 16.0.30114.105
MinimumVisualStudioVersion = 10.0.40219.1
Project("{FAE04EC0-301F-11D3-BF4B-00C04F79EFBC}") = "JqueryTest", "JqueryTest\JqueryTest.csproj", "{8185EB0A-E74B-45ED-9470-5093711EDABA}"
EndProject
Global
	GlobalSection(SolutionConfigurationPlatforms) = preSolution
		Debug|Any CPU = Debug|Any CPU
		Release|Any CPU = Release|Any CPU
	EndGlobalSection
	GlobalSection(ProjectConfigurationPlatforms) = postSolution
		{8185EB0A-E74B-45ED-9470-5093711EDABA}.Debug|Any CPU.ActiveCfg = Debug|Any CPU
		{8185EB0A-E74B-45ED-9470-5093711EDABA}.Debug|Any CPU.Build.0 = Debug|Any CPU
		{8185EB0A-E74B-45ED-9470-5093711EDABA}.Release|Any CPU.ActiveCfg = Release|Any CPU
		{8185EB0A-E74B-45ED-9470-5093711EDABA}.Release|Any CPU.Build.0 = Release|Any CPU
	EndGlobalSection
	GlobalSection(SolutionProperties) = preSolution
		HideSolutionNode = FALSE
	EndGlobalSection
	GlobalSection(ExtensibilityGlobals) = postSolution
		SolutionGuid = {A9F67DBC-A0ED-4CBC-8239-6FEC486AEDD1}
	EndGlobalSection
EndGlobal
